{
  "version": "5",
  "specifiers": {
    "jsr:@std/assert@1": "1.0.14",
    "jsr:@std/internal@^1.0.10": "1.0.10",
    "npm:@polkadot/keyring@^13.5.6": "13.5.6_@polkadot+util@13.5.6_@polkadot+util-crypto@13.5.6__@polkadot+util@13.5.6__@polkadot+x-randomvalues@13.5.6___@polkadot+util@13.5.6___@polkadot+wasm-util@7.5.1____@polkadot+util@13.5.6__@polkadot+wasm-util@7.5.1___@polkadot+util@13.5.6",
    "npm:@polkadot/util-crypto@^13.5.6": "13.5.6_@polkadot+util@13.5.6_@polkadot+x-randomvalues@13.5.6__@polkadot+util@13.5.6__@polkadot+wasm-util@7.5.1___@polkadot+util@13.5.6_@polkadot+wasm-util@7.5.1__@polkadot+util@13.5.6",
    "npm:@polkadot/util@^13.5.6": "13.5.6",
    "npm:dedot@~0.15.2": "0.15.2"
  },
  "jsr": {
    "@std/assert@1.0.14": {
      "integrity": "68d0d4a43b365abc927f45a9b85c639ea18a9fab96ad92281e493e4ed84abaa4",
      "dependencies": [
        "jsr:@std/internal"
      ]
    },
    "@std/internal@1.0.10": {
      "integrity": "e3be62ce42cab0e177c27698e5d9800122f67b766a0bea6ca4867886cbde8cf7"
    }
  },
  "npm": {
    "@dedot/api@0.15.2": {
      "integrity": "sha512-7vcqXRitjqm6h6F+/gVMLjZLKW/932002isfk8rCZv3Ag/zYMnjuC10jyT1W/aipAQoCGyFvQoGl/Mi0hCmQJg==",
      "dependencies": [
        "@dedot/codecs",
        "@dedot/providers",
        "@dedot/runtime-specs",
        "@dedot/shape",
        "@dedot/storage",
        "@dedot/types",
        "@dedot/utils"
      ]
    },
    "@dedot/cli@0.15.2": {
      "integrity": "sha512-Ncp4EWYdhZpPwaQiUsWpH5N9ecrDbY+uGCJIpaEh50dWByvBVYG7xq5WTov+8KvKmoF9tjjHMm835n573lWZ8g==",
      "dependencies": [
        "@dedot/api",
        "@dedot/codecs",
        "@dedot/codegen",
        "@polkadot-api/wasm-executor",
        "@polkadot/types-support",
        "ora",
        "yargs"
      ],
      "bin": true
    },
    "@dedot/codecs@0.15.2": {
      "integrity": "sha512-f5liu3eEl4vsyW1th6OBuWMCHXpWTGaV4lShuD9TE8ROfWm5qhAxDiNfZ3R/YCE1CFAFYvG5A9eLrFuH6ZYzEg==",
      "dependencies": [
        "@dedot/shape",
        "@dedot/utils"
      ]
    },
    "@dedot/codegen@0.15.2": {
      "integrity": "sha512-6QRJ9YNvQ5d7E6JPFZjoTAuBNOb0BRRrZNwi3ut0Qp25Mdy9Q1PKeGT+Fp/Fck9rOjxVAfDczxSUg/62dA5+Xw==",
      "dependencies": [
        "@dedot/api",
        "@dedot/codecs",
        "@dedot/contracts",
        "@dedot/providers",
        "@dedot/runtime-specs",
        "@dedot/shape",
        "@dedot/types",
        "@dedot/utils",
        "handlebars",
        "prettier"
      ]
    },
    "@dedot/contracts@0.15.2": {
      "integrity": "sha512-7TRhd2v09X22z6salSHyVKGzR/5EDirlmqqBqGja0893L+IdtpGgb3tRsMOmCWJItK7H2NcpfnBy6p8paOlaUg==",
      "dependencies": [
        "@dedot/api",
        "@dedot/codecs",
        "@dedot/types",
        "@dedot/utils",
        "@ethereumjs/rlp"
      ]
    },
    "@dedot/merkleized-metadata@0.15.2": {
      "integrity": "sha512-75k79njSK2JEYBBOnUvPYmSLLN34lWn/UnmTcvrZohrYpFlB+9nZlhvHYpMYbENaxqtiPld1gGZaD4fh0xAF3Q==",
      "dependencies": [
        "@dedot/codecs",
        "@dedot/shape",
        "@dedot/utils"
      ]
    },
    "@dedot/providers@0.15.2": {
      "integrity": "sha512-fVzddOjVsP82dQIf38ueHf/bWwq2UUbLf0cSDYK7brU0wIxq1h+K2t1QEJ+ggHGSzacKwbWTh41cpOYkcNSN7w==",
      "dependencies": [
        "@dedot/utils",
        "@polkadot/x-ws"
      ]
    },
    "@dedot/runtime-specs@0.15.2": {
      "integrity": "sha512-KS9gr/+O/IoFU5mW4Mog/mziXAI6pnFJekxrmYpalv7wJOugvRQXX5t01fHRbqd5J0YQ5kxpvLKUbp/kCmCz1A==",
      "dependencies": [
        "@dedot/codecs",
        "@dedot/shape",
        "@dedot/types"
      ]
    },
    "@dedot/shape@0.15.2": {
      "integrity": "sha512-xX7FrQUyvUmm/YgSNSrA/uvjoxI3pPpGUvN7U0p/n4oYnWvD9GpSUySOhqY+WPjLmXiJhHSAf1v3D0EStxI4UQ==",
      "dependencies": [
        "@dedot/utils",
        "deshape"
      ]
    },
    "@dedot/smoldot@0.15.2": {
      "integrity": "sha512-dFY9aVB8FhMlleVrO5dg/snY5h7tcpVx/sesD2kFdUCpMBlTVRK52CFDDs+hX51IDkyXvkFl5UvWtnmi+YPHeA==",
      "dependencies": [
        "smoldot"
      ]
    },
    "@dedot/storage@0.15.2": {
      "integrity": "sha512-bPvd7KSA6mRIxG4KEwGXyAlYnR2LaiZOQl48WHQdh0wFBPEp7vvntG+mAwf/uooYagoW7MQpmOIy1bJhrRwrbw=="
    },
    "@dedot/types@0.15.2": {
      "integrity": "sha512-svt65QvrT5GHa8kKk7grr0EOH1nhAFwVcyT3thIhqY64b6/90L8Zvrx2dHqZtoIF5agpXdiSLlAvDDmq+CIfHQ==",
      "dependencies": [
        "@dedot/codecs",
        "@dedot/shape",
        "@dedot/utils"
      ]
    },
    "@dedot/utils@0.15.2": {
      "integrity": "sha512-n53EeRgKp+7EWRH+iFwyjrfVqiFgvKVz12qHRQ5JxR6qSJWxUQL1/o8SfPFOwRcO0h7i2C/QsZa54OY7hp/oHg==",
      "dependencies": [
        "@noble/hashes",
        "@scure/base",
        "eventemitter3"
      ]
    },
    "@ethereumjs/rlp@10.0.0": {
      "integrity": "sha512-h2SK6RxFBfN5ZGykbw8LTNNLckSXZeuUZ6xqnmtF22CzZbHflFMcIOyfVGdvyCVQqIoSbGMHtvyxMCWnOyB9RA==",
      "bin": true
    },
    "@noble/curves@1.9.7": {
      "integrity": "sha512-gbKGcRUYIjA3/zCCNaWDciTMFI0dCkvou3TL8Zmy5Nc7sJ47a0jtOeZoTaMxkuqRo9cRhjOdZJXegxYE5FN/xw==",
      "dependencies": [
        "@noble/hashes"
      ]
    },
    "@noble/hashes@1.8.0": {
      "integrity": "sha512-jCs9ldd7NwzpgXDIf6P3+NrHh9/sD6CQdxHyjQI+h/6rDNo88ypBxxz45UDuZHz9r3tNz7N/VInSVoVdtXEI4A=="
    },
    "@polkadot-api/wasm-executor@0.1.2": {
      "integrity": "sha512-a5wGenltB3EFPdf72u8ewi6HsUg2qubUAf3ekJprZf24lTK3+w8a/GUF/y6r08LJF35MALZ32SAtLqtVTIOGnQ=="
    },
    "@polkadot/keyring@13.5.6_@polkadot+util@13.5.6_@polkadot+util-crypto@13.5.6__@polkadot+util@13.5.6__@polkadot+x-randomvalues@13.5.6___@polkadot+util@13.5.6___@polkadot+wasm-util@7.5.1____@polkadot+util@13.5.6__@polkadot+wasm-util@7.5.1___@polkadot+util@13.5.6": {
      "integrity": "sha512-Ybe6Mflrh96FKR5tfEaf/93RxJD7x9UigseNOJW6Yd8LF+GesdxrqmZD7zh+53Hb7smGQWf/0FCfwhoWZVgPUQ==",
      "dependencies": [
        "@polkadot/util",
        "@polkadot/util-crypto",
        "tslib"
      ]
    },
    "@polkadot/networks@13.5.6": {
      "integrity": "sha512-9HqUIBOHnz9x/ssPb0aOD/7XcU8vGokEYpLoNgexFNIJzqDgrDHXR197iFpkbMqA/+98zagrvYUyPYj1yYs9Jw==",
      "dependencies": [
        "@polkadot/util",
        "@substrate/ss58-registry",
        "tslib"
      ]
    },
    "@polkadot/types-support@16.4.6": {
      "integrity": "sha512-e83H4MzamzNzxZdxf104xqzsl1YUCF24i2pw19I/6zPVxpt6a9zn4+7VzSVMclaztxxSTITCLbks7/9dLiNhEw==",
      "dependencies": [
        "@polkadot/util",
        "tslib"
      ]
    },
    "@polkadot/util-crypto@13.5.6_@polkadot+util@13.5.6_@polkadot+x-randomvalues@13.5.6__@polkadot+util@13.5.6__@polkadot+wasm-util@7.5.1___@polkadot+util@13.5.6_@polkadot+wasm-util@7.5.1__@polkadot+util@13.5.6": {
      "integrity": "sha512-1l+t5lVc9UWxvbJe7/3V+QK8CwrDPuQjDK6FKtDZgZCU0JRrjySOxV0J4PeDIv8TgXZtbIcQFVUhIsJTyKZZJQ==",
      "dependencies": [
        "@noble/curves",
        "@noble/hashes",
        "@polkadot/networks",
        "@polkadot/util",
        "@polkadot/wasm-crypto",
        "@polkadot/wasm-util",
        "@polkadot/x-bigint",
        "@polkadot/x-randomvalues",
        "@scure/base",
        "tslib"
      ]
    },
    "@polkadot/util@13.5.6": {
      "integrity": "sha512-V+CkW2VdhcMWvl7eXdmlCLGqLxrKvXZtXE76KBbPP5n0Z+8DqQ58IHNOE9xe2LOgqDwIzdLlOUwkyF9Zj19y+Q==",
      "dependencies": [
        "@polkadot/x-bigint",
        "@polkadot/x-global",
        "@polkadot/x-textdecoder",
        "@polkadot/x-textencoder",
        "@types/bn.js",
        "bn.js",
        "tslib"
      ]
    },
    "@polkadot/wasm-bridge@7.5.1_@polkadot+util@13.5.6_@polkadot+x-randomvalues@13.5.6__@polkadot+util@13.5.6__@polkadot+wasm-util@7.5.1___@polkadot+util@13.5.6_@polkadot+wasm-util@7.5.1__@polkadot+util@13.5.6": {
      "integrity": "sha512-E+N3CSnX3YaXpAmfIQ+4bTyiAqJQKvVcMaXjkuL8Tp2zYffClWLG5e+RY15Uh+EWfUl9If4y6cLZi3D5NcpAGQ==",
      "dependencies": [
        "@polkadot/util",
        "@polkadot/wasm-util",
        "@polkadot/x-randomvalues",
        "tslib"
      ]
    },
    "@polkadot/wasm-crypto-asmjs@7.5.1_@polkadot+util@13.5.6": {
      "integrity": "sha512-jAg7Uusk+xeHQ+QHEH4c/N3b1kEGBqZb51cWe+yM61kKpQwVGZhNdlWetW6U23t/BMyZArIWMsZqmK/Ij0PHog==",
      "dependencies": [
        "@polkadot/util",
        "tslib"
      ]
    },
    "@polkadot/wasm-crypto-init@7.5.1_@polkadot+util@13.5.6_@polkadot+x-randomvalues@13.5.6__@polkadot+util@13.5.6__@polkadot+wasm-util@7.5.1___@polkadot+util@13.5.6_@polkadot+wasm-util@7.5.1__@polkadot+util@13.5.6": {
      "integrity": "sha512-Obu4ZEo5jYO6sN31eqCNOXo88rPVkP9TrUOyynuFCnXnXr8V/HlmY/YkAd9F87chZnkTJRlzak17kIWr+i7w3A==",
      "dependencies": [
        "@polkadot/util",
        "@polkadot/wasm-bridge",
        "@polkadot/wasm-crypto-asmjs",
        "@polkadot/wasm-crypto-wasm",
        "@polkadot/wasm-util",
        "@polkadot/x-randomvalues",
        "tslib"
      ]
    },
    "@polkadot/wasm-crypto-wasm@7.5.1_@polkadot+util@13.5.6": {
      "integrity": "sha512-S2yQSGbOGTcaV6UdipFVyEGanJvG6uD6Tg7XubxpiGbNAblsyYKeFcxyH1qCosk/4qf+GIUwlOL4ydhosZflqg==",
      "dependencies": [
        "@polkadot/util",
        "@polkadot/wasm-util",
        "tslib"
      ]
    },
    "@polkadot/wasm-crypto@7.5.1_@polkadot+util@13.5.6_@polkadot+x-randomvalues@13.5.6__@polkadot+util@13.5.6__@polkadot+wasm-util@7.5.1___@polkadot+util@13.5.6_@polkadot+wasm-util@7.5.1__@polkadot+util@13.5.6": {
      "integrity": "sha512-acjt4VJ3w19v7b/SIPsV/5k9s6JsragHKPnwoZ0KTfBvAFXwzz80jUzVGxA06SKHacfCUe7vBRlz7M5oRby1Pw==",
      "dependencies": [
        "@polkadot/util",
        "@polkadot/wasm-bridge",
        "@polkadot/wasm-crypto-asmjs",
        "@polkadot/wasm-crypto-init",
        "@polkadot/wasm-crypto-wasm",
        "@polkadot/wasm-util",
        "@polkadot/x-randomvalues",
        "tslib"
      ]
    },
    "@polkadot/wasm-util@7.5.1_@polkadot+util@13.5.6": {
      "integrity": "sha512-sbvu71isFhPXpvMVX+EkRnUg/+54Tx7Sf9BEMqxxoPj7cG1I/MKeDEwbQz6MaU4gm7xJqvEWCAemLFcXfHQ/2A==",
      "dependencies": [
        "@polkadot/util",
        "tslib"
      ]
    },
    "@polkadot/x-bigint@13.5.6": {
      "integrity": "sha512-HpqZJ9ud94iK/+0Ofacw7QdtvzFp6SucBBml4XwWZTWoLaLOGDsO7FoWE7yCuwPbX8nLgIM6YmQBeUoZmBtVqQ==",
      "dependencies": [
        "@polkadot/x-global",
        "tslib"
      ]
    },
    "@polkadot/x-global@13.5.6": {
      "integrity": "sha512-iw97n0Bnl2284WgAK732LYR4DW6w5+COfBfHzkhiHqs5xwPEwWMgWGrf2hM8WAQqNIz6Ni8w/jagucPyQBur3Q==",
      "dependencies": [
        "tslib"
      ]
    },
    "@polkadot/x-randomvalues@13.5.6_@polkadot+util@13.5.6_@polkadot+wasm-util@7.5.1__@polkadot+util@13.5.6": {
      "integrity": "sha512-w1F9G7FxrJ7+hGC8bh9/VpPH4KN8xmyzgiQdR7+rVB2V8KsKQBQidG69pj5Kwsh3oODOz0yQYsTG6Rm6TAJbGA==",
      "dependencies": [
        "@polkadot/util",
        "@polkadot/wasm-util",
        "@polkadot/x-global",
        "tslib"
      ]
    },
    "@polkadot/x-textdecoder@13.5.6": {
      "integrity": "sha512-jTGeYCxFh89KRrP7bNj1CPqKO36Onsi0iA6A+5YtRS5wjdQU+/OFM/EHLTP2nvkvZo/tOkOewMR9sausisUvVQ==",
      "dependencies": [
        "@polkadot/x-global",
        "tslib"
      ]
    },
    "@polkadot/x-textencoder@13.5.6": {
      "integrity": "sha512-iVwz9+OrYCEF9QbNfr9M206mmWvY/AhDmGPfAIeTR4fRgKGVYqcP8RIF8iu/x0MVQWqiVO3vlhlUk7MfrmAnoQ==",
      "dependencies": [
        "@polkadot/x-global",
        "tslib"
      ]
    },
    "@polkadot/x-ws@13.5.6": {
      "integrity": "sha512-247ktVp/iE57NTXjFpHaoPoDcvoEPb8+16r2Eq0IBQ2umOV7P6KmxvdNx5eFUvRsgXvBpNwUXE1WVnXjK/eDtA==",
      "dependencies": [
        "@polkadot/x-global",
        "tslib",
        "ws"
      ]
    },
    "@scure/base@1.2.6": {
      "integrity": "sha512-g/nm5FgUa//MCj1gV09zTJTaM6KBAHqLN907YVQqf7zC49+DcO4B1so4ZX07Ef10Twr6nuqYEH9GEggFXA4Fmg=="
    },
    "@substrate/ss58-registry@1.51.0": {
      "integrity": "sha512-TWDurLiPxndFgKjVavCniytBIw+t4ViOi7TYp9h/D0NMmkEc9klFTo+827eyEJ0lELpqO207Ey7uGxUa+BS1jQ=="
    },
    "@types/bn.js@5.2.0": {
      "integrity": "sha512-DLbJ1BPqxvQhIGbeu8VbUC1DiAiahHtAYvA0ZEAa4P31F7IaArc8z3C3BRQdWX4mtLQuABG4yzp76ZrS02Ui1Q==",
      "dependencies": [
        "@types/node"
      ]
    },
    "@types/node@24.2.0": {
      "integrity": "sha512-3xyG3pMCq3oYCNg7/ZP+E1ooTaGB4cG8JWRsqqOYQdbWNY4zbaV0Ennrd7stjiJEFZCaybcIgpTjJWHRfBSIDw==",
      "dependencies": [
        "undici-types"
      ]
    },
    "ansi-regex@5.0.1": {
      "integrity": "sha512-quJQXlTSUGL2LH9SUXo8VwsY4soanhgo6LNSm84E1LBcE8s3O0wpdiRzyR9z/ZZJMlMWv37qOOb9pdJlMUEKFQ=="
    },
    "ansi-regex@6.2.0": {
      "integrity": "sha512-TKY5pyBkHyADOPYlRT9Lx6F544mPl0vS5Ew7BJ45hA08Q+t3GjbueLliBWN3sMICk6+y7HdyxSzC4bWS8baBdg=="
    },
    "ansi-styles@4.3.0": {
      "integrity": "sha512-zbB9rCJAT1rbjiVDb2hqKFHNYLxgtk8NURxZ3IZwD3F6NtxbXZQCnnSi1Lkx+IDohdPlFp222wVALIheZJQSEg==",
      "dependencies": [
        "color-convert"
      ]
    },
    "bn.js@5.2.2": {
      "integrity": "sha512-v2YAxEmKaBLahNwE1mjp4WON6huMNeuDvagFZW+ASCuA/ku0bXR9hSMw0XpiqMoA3+rmnyck/tPRSFQkoC9Cuw=="
    },
    "chalk@5.6.0": {
      "integrity": "sha512-46QrSQFyVSEyYAgQ22hQ+zDa60YHA4fBstHmtSApj1Y5vKtG27fWowW03jCk5KcbXEWPZUIR894aARCA/G1kfQ=="
    },
    "cli-cursor@5.0.0": {
      "integrity": "sha512-aCj4O5wKyszjMmDT4tZj93kxyydN/K5zPWSCe6/0AV/AA1pqe5ZBIw0a2ZfPQV7lL5/yb5HsUreJ6UFAF1tEQw==",
      "dependencies": [
        "restore-cursor"
      ]
    },
    "cli-spinners@2.9.2": {
      "integrity": "sha512-ywqV+5MmyL4E7ybXgKys4DugZbX0FC6LnwrhjuykIjnK9k8OQacQ7axGKnjDXWNhns0xot3bZI5h55H8yo9cJg=="
    },
    "cliui@8.0.1": {
      "integrity": "sha512-BSeNnyus75C4//NQ9gQt1/csTXyo/8Sb+afLAkzAptFuMsod9HFokGNudZpi/oQV73hnVK+sR+5PVRMd+Dr7YQ==",
      "dependencies": [
        "string-width@4.2.3",
        "strip-ansi@6.0.1",
        "wrap-ansi"
      ]
    },
    "color-convert@2.0.1": {
      "integrity": "sha512-RRECPsj7iu/xb5oKYcsFHSppFNnsj/52OVTRKb4zP5onXwVF3zVmmToNcOfGC+CRDpfK/U584fMg38ZHCaElKQ==",
      "dependencies": [
        "color-name"
      ]
    },
    "color-name@1.1.4": {
      "integrity": "sha512-dOy+3AuW3a2wNbZHIuMZpTcgjGuLU/uBL/ubcZF9OXbDo8ff4O8yVp5Bf0efS8uEoYo5q4Fx7dY9OgQGXgAsQA=="
    },
    "dedot@0.15.2": {
      "integrity": "sha512-hS1L5vybJ202rpSkxUQWCIHUK2+yIlGIBno827OjqalDxpCUgb7hLZfhIfo6lsNsIj9PVQeupUMhViepuNJrMg==",
      "dependencies": [
        "@dedot/api",
        "@dedot/cli",
        "@dedot/codecs",
        "@dedot/contracts",
        "@dedot/merkleized-metadata",
        "@dedot/providers",
        "@dedot/runtime-specs",
        "@dedot/shape",
        "@dedot/smoldot",
        "@dedot/types",
        "@dedot/utils",
        "smoldot"
      ],
      "bin": true
    },
    "deshape@0.1.0": {
      "integrity": "sha512-6Z941WJcKPE2nMz2lqq5H3OlOAgxECQqOj/OtHluaqgM8ajKESt/vcexMkUw7JGzeuLVKXkGe7+vsCC71NC9SQ=="
    },
    "emoji-regex@10.4.0": {
      "integrity": "sha512-EC+0oUMY1Rqm4O6LLrgjtYDvcVYTy7chDnM4Q7030tP4Kwj3u/pR6gP9ygnp2CJMK5Gq+9Q2oqmrFJAz01DXjw=="
    },
    "emoji-regex@8.0.0": {
      "integrity": "sha512-MSjYzcWNOA0ewAHpz0MxpYFvwg6yjy1NG3xteoqz644VCo/RPgnr1/GGt+ic3iJTzQ8Eu3TdM14SawnVUmGE6A=="
    },
    "escalade@3.2.0": {
      "integrity": "sha512-WUj2qlxaQtO4g6Pq5c29GTcWGDyd8itL8zTlipgECz3JesAiiOKotd8JU6otB3PACgG6xkJUyVhboMS+bje/jA=="
    },
    "eventemitter3@5.0.1": {
      "integrity": "sha512-GWkBvjiSZK87ELrYOSESUYeVIc9mvLLf/nXalMOS5dYrgZq9o5OVkbZAVM06CVxYsCwH9BDZFPlQTlPA1j4ahA=="
    },
    "get-caller-file@2.0.5": {
      "integrity": "sha512-DyFP3BM/3YHTQOCUL/w0OZHR0lpKeGrxotcHWcqNEdnltqFwXVfhEBQ94eIo34AfQpo0rGki4cyIiftY06h2Fg=="
    },
    "get-east-asian-width@1.3.0": {
      "integrity": "sha512-vpeMIQKxczTD/0s2CdEWHcb0eeJe6TFjxb+J5xgX7hScxqrGuyjmv4c1D4A/gelKfyox0gJJwIHF+fLjeaM8kQ=="
    },
    "handlebars@4.7.8": {
      "integrity": "sha512-vafaFqs8MZkRrSX7sFVUdo3ap/eNiLnb4IakshzvP56X5Nr1iGKAIqdX6tMlm6HcNRIkr6AxO5jFEoJzzpT8aQ==",
      "dependencies": [
        "minimist",
        "neo-async",
        "source-map",
        "wordwrap"
      ],
      "optionalDependencies": [
        "uglify-js"
      ],
      "bin": true
    },
    "is-fullwidth-code-point@3.0.0": {
      "integrity": "sha512-zymm5+u+sCsSWyD9qNaejV3DFvhCKclKdizYaJUuHA83RLjb7nSuGnddCHGv0hk+KY7BMAlsWeK4Ueg6EV6XQg=="
    },
    "is-interactive@2.0.0": {
      "integrity": "sha512-qP1vozQRI+BMOPcjFzrjXuQvdak2pHNUMZoeG2eRbiSqyvbEf/wQtEOTOX1guk6E3t36RkaqiSt8A/6YElNxLQ=="
    },
    "is-unicode-supported@1.3.0": {
      "integrity": "sha512-43r2mRvz+8JRIKnWJ+3j8JtjRKZ6GmjzfaE/qiBJnikNnYv/6bagRJ1kUhNk8R5EX/GkobD+r+sfxCPJsiKBLQ=="
    },
    "is-unicode-supported@2.1.0": {
      "integrity": "sha512-mE00Gnza5EEB3Ds0HfMyllZzbBrmLOX3vfWoj9A9PEnTfratQ/BcaJOuMhnkhjXvb2+FkY3VuHqtAGpTPmglFQ=="
    },
    "log-symbols@6.0.0": {
      "integrity": "sha512-i24m8rpwhmPIS4zscNzK6MSEhk0DUWa/8iYQWxhffV8jkI4Phvs3F+quL5xvS0gdQR0FyTCMMH33Y78dDTzzIw==",
      "dependencies": [
        "chalk",
        "is-unicode-supported@1.3.0"
      ]
    },
    "mimic-function@5.0.1": {
      "integrity": "sha512-VP79XUPxV2CigYP3jWwAUFSku2aKqBH7uTAapFWCBqutsbmDo96KY5o8uh6U+/YSIn5OxJnXp73beVkpqMIGhA=="
    },
    "minimist@1.2.8": {
      "integrity": "sha512-2yyAR8qBkN3YuheJanUpWC5U3bb5osDywNB8RzDVlDwDHbocAJveqqj1u8+SVD7jkWT4yvsHCpWqqWqAxb0zCA=="
    },
    "neo-async@2.6.2": {
      "integrity": "sha512-Yd3UES5mWCSqR+qNT93S3UoYUkqAZ9lLg8a7g9rimsWmYGK8cVToA4/sF3RrshdyV3sAGMXVUmpMYOw+dLpOuw=="
    },
    "onetime@7.0.0": {
      "integrity": "sha512-VXJjc87FScF88uafS3JllDgvAm+c/Slfz06lorj2uAY34rlUu0Nt+v8wreiImcrgAjjIHp1rXpTDlLOGw29WwQ==",
      "dependencies": [
        "mimic-function"
      ]
    },
    "ora@8.2.0": {
      "integrity": "sha512-weP+BZ8MVNnlCm8c0Qdc1WSWq4Qn7I+9CJGm7Qali6g44e/PUzbjNqJX5NJ9ljlNMosfJvg1fKEGILklK9cwnw==",
      "dependencies": [
        "chalk",
        "cli-cursor",
        "cli-spinners",
        "is-interactive",
        "is-unicode-supported@2.1.0",
        "log-symbols",
        "stdin-discarder",
        "string-width@7.2.0",
        "strip-ansi@7.1.0"
      ]
    },
    "prettier@3.6.2": {
      "integrity": "sha512-I7AIg5boAr5R0FFtJ6rCfD+LFsWHp81dolrFD8S79U9tb8Az2nGrJncnMSnys+bpQJfRUzqs9hnA81OAA3hCuQ==",
      "bin": true
    },
    "require-directory@2.1.1": {
      "integrity": "sha512-fGxEI7+wsG9xrvdjsrlmL22OMTTiHRwAMroiEeMgq8gzoLC/PQr7RsRDSTLUg/bZAZtF+TVIkHc6/4RIKrui+Q=="
    },
    "restore-cursor@5.1.0": {
      "integrity": "sha512-oMA2dcrw6u0YfxJQXm342bFKX/E4sG9rbTzO9ptUcR/e8A33cHuvStiYOwH7fszkZlZ1z/ta9AAoPk2F4qIOHA==",
      "dependencies": [
        "onetime",
        "signal-exit"
      ]
    },
    "signal-exit@4.1.0": {
      "integrity": "sha512-bzyZ1e88w9O1iNJbKnOlvYTrWPDl46O1bG0D3XInv+9tkPrxrN8jUUTiFlDkkmKWgn1M6CfIA13SuGqOa9Korw=="
    },
    "smoldot@2.0.36": {
      "integrity": "sha512-0GtHgxOs1VGs+WzpUgTQ52Zg92/q4mnIPEl+smArI4pis6aduQ6ZiXRllbDafsIb18wWYsxaBLNjBkNOB8xBrw==",
      "dependencies": [
        "ws"
      ]
    },
    "source-map@0.6.1": {
      "integrity": "sha512-UjgapumWlbMhkBgzT7Ykc5YXUT46F0iKu8SGXq0bcwP5dz/h0Plj6enJqjz1Zbq2l5WaqYnrVbwWOWMyF3F47g=="
    },
    "stdin-discarder@0.2.2": {
      "integrity": "sha512-UhDfHmA92YAlNnCfhmq0VeNL5bDbiZGg7sZ2IvPsXubGkiNa9EC+tUTsjBRsYUAz87btI6/1wf4XoVvQ3uRnmQ=="
    },
    "string-width@4.2.3": {
      "integrity": "sha512-wKyQRQpjJ0sIp62ErSZdGsjMJWsap5oRNihHhu6G7JVO/9jIB6UyevL+tXuOqrng8j/cxKTWyWUwvSTriiZz/g==",
      "dependencies": [
        "emoji-regex@8.0.0",
        "is-fullwidth-code-point",
        "strip-ansi@6.0.1"
      ]
    },
    "string-width@7.2.0": {
      "integrity": "sha512-tsaTIkKW9b4N+AEj+SVA+WhJzV7/zMhcSu78mLKWSk7cXMOSHsBKFWUs0fWwq8QyK3MgJBQRX6Gbi4kYbdvGkQ==",
      "dependencies": [
        "emoji-regex@10.4.0",
        "get-east-asian-width",
        "strip-ansi@7.1.0"
      ]
    },
    "strip-ansi@6.0.1": {
      "integrity": "sha512-Y38VPSHcqkFrCpFnQ9vuSXmquuv5oXOKpGeT6aGrr3o3Gc9AlVa6JBfUSOCnbxGGZF+/0ooI7KrPuUSztUdU5A==",
      "dependencies": [
        "ansi-regex@5.0.1"
      ]
    },
    "strip-ansi@7.1.0": {
      "integrity": "sha512-iq6eVVI64nQQTRYq2KtEg2d2uU7LElhTJwsH4YzIHZshxlgZms/wIc4VoDQTlG/IvVIrBKG06CrZnp0qv7hkcQ==",
      "dependencies": [
        "ansi-regex@6.2.0"
      ]
    },
    "tslib@2.8.1": {
      "integrity": "sha512-oJFu94HQb+KVduSUQL7wnpmqnfmLsOA/nAh6b6EH0wCEoK0/mPeXU6c3wKDV83MkOuHPRHtSXKKU99IBazS/2w=="
    },
    "uglify-js@3.19.3": {
      "integrity": "sha512-v3Xu+yuwBXisp6QYTcH4UbH+xYJXqnq2m/LtQVWKWzYc1iehYnLixoQDN9FH6/j9/oybfd6W9Ghwkl8+UMKTKQ==",
      "bin": true
    },
    "undici-types@7.10.0": {
      "integrity": "sha512-t5Fy/nfn+14LuOc2KNYg75vZqClpAiqscVvMygNnlsHBFpSXdJaYtXMcdNLpl/Qvc3P2cB3s6lOV51nqsFq4ag=="
    },
    "wordwrap@1.0.0": {
      "integrity": "sha512-gvVzJFlPycKc5dZN4yPkP8w7Dc37BtP1yczEneOb4uq34pXZcvrtRTmWV8W+Ume+XCxKgbjM+nevkyFPMybd4Q=="
    },
    "wrap-ansi@7.0.0": {
      "integrity": "sha512-YVGIj2kamLSTxw6NsZjoBxfSwsn0ycdesmc4p+Q21c5zPuZ1pl+NfxVdxPtdHvmNVOQ6XSYG4AUtyt/Fi7D16Q==",
      "dependencies": [
        "ansi-styles",
        "string-width@4.2.3",
        "strip-ansi@6.0.1"
      ]
    },
    "ws@8.18.3": {
      "integrity": "sha512-PEIGCY5tSlUt50cqyMXfCzX+oOPqN0vuGqWzbcJ2xvnkzkq46oOpz7dQaTDBdfICb4N14+GARUDw2XV2N4tvzg=="
    },
    "y18n@5.0.8": {
      "integrity": "sha512-0pfFzegeDWJHJIAmTLRP2DwHjdF5s7jo9tuztdQxAhINCdvS+3nGINqPd00AphqJR/0LhANUS6/+7SCb98YOfA=="
    },
    "yargs-parser@21.1.1": {
      "integrity": "sha512-tVpsJW7DdjecAiFpbIB1e3qxIQsE6NoPc5/eTdrbbIC4h0LVsWhnoa3g+m2HclBIujHzsxZ4VJVA+GUuc2/LBw=="
    },
    "yargs@17.7.2": {
      "integrity": "sha512-7dSzzRQ++CKnNI/krKnYRV7JKKPUXMEh61soaHKg9mrWEhzFWhFnxPxGl+69cD1Ou63C13NUPCnmIcrvqCuM6w==",
      "dependencies": [
        "cliui",
        "escalade",
        "get-caller-file",
        "require-directory",
        "string-width@4.2.3",
        "y18n",
        "yargs-parser"
      ]
    }
  },
  "workspace": {
    "dependencies": [
      "jsr:@std/assert@1",
      "npm:@polkadot/keyring@^13.5.6",
      "npm:@polkadot/util-crypto@^13.5.6",
      "npm:@polkadot/util@^13.5.6",
      "npm:dedot@~0.15.2"
    ]
  }
}
